// !$*UTF8*$!
{
	archiveVersion = 1;
	classes = {
	};
	objectVersion = 56;
	objects = {

/* Begin PBXBuildFile section */
		CA2E3ADB2BB401560088BC07 /* ContentView.swift in Sources */ = {isa = PBXBuildFile; fileRef = CA2E3ADA2BB401560088BC07 /* ContentView.swift */; };
		CA2E3ADD2BB401570088BC07 /* Assets.xcassets in Resources */ = {isa = PBXBuildFile; fileRef = CA2E3ADC2BB401570088BC07 /* Assets.xcassets */; };
		CA2E3AE02BB401570088BC07 /* Preview Assets.xcassets in Resources */ = {isa = PBXBuildFile; fileRef = CA2E3ADF2BB401570088BC07 /* Preview Assets.xcassets */; };
		CA96B4C82BB514A9003BD05A /* AppDelegate.swift in Sources */ = {isa = PBXBuildFile; fileRef = CA96B4C72BB514A9003BD05A /* AppDelegate.swift */; };
		CA96B4CA2BB514C2003BD05A /* SystemEventsHandler.swift in Sources */ = {isa = PBXBuildFile; fileRef = CA96B4C92BB514C2003BD05A /* SystemEventsHandler.swift */; };
		CA96B4CC2BB514F1003BD05A /* DependencyInjector.swift in Sources */ = {isa = PBXBuildFile; fileRef = CA96B4CB2BB514F1003BD05A /* DependencyInjector.swift */; };
		CA96B4CF2BB5151F003BD05A /* Store.swift in Sources */ = {isa = PBXBuildFile; fileRef = CA96B4CE2BB5151F003BD05A /* Store.swift */; };
		CA96B4D12BB51572003BD05A /* AppState.swift in Sources */ = {isa = PBXBuildFile; fileRef = CA96B4D02BB51572003BD05A /* AppState.swift */; };
		CA96B4D42BB515EA003BD05A /* PushNotificationsHandler.swift in Sources */ = {isa = PBXBuildFile; fileRef = CA96B4D32BB515EA003BD05A /* PushNotificationsHandler.swift */; };
		CA96B4D62BB51609003BD05A /* DeepLinksHandler.swift in Sources */ = {isa = PBXBuildFile; fileRef = CA96B4D52BB51609003BD05A /* DeepLinksHandler.swift */; };
		CA96B4D82BB517B1003BD05A /* UserPermissionsInteractor.swift in Sources */ = {isa = PBXBuildFile; fileRef = CA96B4D72BB517B1003BD05A /* UserPermissionsInteractor.swift */; };
		CA96B4DA2BB517EE003BD05A /* SceneDelegate.swift in Sources */ = {isa = PBXBuildFile; fileRef = CA96B4D92BB517ED003BD05A /* SceneDelegate.swift */; };
		CA96B4DC2BB51813003BD05A /* AppEnvironment.swift in Sources */ = {isa = PBXBuildFile; fileRef = CA96B4DB2BB51813003BD05A /* AppEnvironment.swift */; };
		CA96B4DE2BB51988003BD05A /* RootViewAppearance.swift in Sources */ = {isa = PBXBuildFile; fileRef = CA96B4DD2BB51988003BD05A /* RootViewAppearance.swift */; };
		CA96B4E02BB519B1003BD05A /* Helpers.swift in Sources */ = {isa = PBXBuildFile; fileRef = CA96B4DF2BB519B1003BD05A /* Helpers.swift */; };
		CA96B4E22BB51C16003BD05A /* InteractorsContainer.swift in Sources */ = {isa = PBXBuildFile; fileRef = CA96B4E12BB51C16003BD05A /* InteractorsContainer.swift */; };
		CA96B4E42BB51C77003BD05A /* ImagesInteractor.swift in Sources */ = {isa = PBXBuildFile; fileRef = CA96B4E32BB51C77003BD05A /* ImagesInteractor.swift */; };
		CA96B4E62BB51D55003BD05A /* ImageWebRepository.swift in Sources */ = {isa = PBXBuildFile; fileRef = CA96B4E52BB51D55003BD05A /* ImageWebRepository.swift */; };
		CA96B4E82BB51D73003BD05A /* PushTokenWebRepository.swift in Sources */ = {isa = PBXBuildFile; fileRef = CA96B4E72BB51D73003BD05A /* PushTokenWebRepository.swift */; };
		CA96B4EA2BB521AE003BD05A /* CancelBag.swift in Sources */ = {isa = PBXBuildFile; fileRef = CA96B4E92BB521AE003BD05A /* CancelBag.swift */; };
		CA96B4EC2BB521DD003BD05A /* NetworkingHelpers.swift in Sources */ = {isa = PBXBuildFile; fileRef = CA96B4EB2BB521DD003BD05A /* NetworkingHelpers.swift */; };
		CA96B4EF2BB52473003BD05A /* LaunchScreen.storyboard in Resources */ = {isa = PBXBuildFile; fileRef = CA96B4EE2BB52473003BD05A /* LaunchScreen.storyboard */; };
		CA96B4F12BB524DE003BD05A /* WebRepository.swift in Sources */ = {isa = PBXBuildFile; fileRef = CA96B4F02BB524DE003BD05A /* WebRepository.swift */; };
		CA96B4F32BB52518003BD05A /* APICall.swift in Sources */ = {isa = PBXBuildFile; fileRef = CA96B4F22BB52518003BD05A /* APICall.swift */; };
		CA96B4F52BB52551003BD05A /* Loadable.swift in Sources */ = {isa = PBXBuildFile; fileRef = CA96B4F42BB52551003BD05A /* Loadable.swift */; };
		CA96B4F72BB52595003BD05A /* info.plist in Resources */ = {isa = PBXBuildFile; fileRef = CA96B4F62BB52595003BD05A /* info.plist */; };
		F5CCF5E4D216081111C522B5 /* Pods_SwiftUICleanArchitecture.framework in Frameworks */ = {isa = PBXBuildFile; fileRef = 0965D886F6D602436ED56C53 /* Pods_SwiftUICleanArchitecture.framework */; };
/* End PBXBuildFile section */

/* Begin PBXFileReference section */
		0965D886F6D602436ED56C53 /* Pods_SwiftUICleanArchitecture.framework */ = {isa = PBXFileReference; explicitFileType = wrapper.framework; includeInIndex = 0; path = Pods_SwiftUICleanArchitecture.framework; sourceTree = BUILT_PRODUCTS_DIR; };
		1310D8EF25E6C4EAB4E4F243 /* Pods-SwiftUICleanArchitecture.release.xcconfig */ = {isa = PBXFileReference; includeInIndex = 1; lastKnownFileType = text.xcconfig; name = "Pods-SwiftUICleanArchitecture.release.xcconfig"; path = "Target Support Files/Pods-SwiftUICleanArchitecture/Pods-SwiftUICleanArchitecture.release.xcconfig"; sourceTree = "<group>"; };
		1BDAA356D9080612A062EA9E /* Pods-SwiftUICleanArchitecture.debug.xcconfig */ = {isa = PBXFileReference; includeInIndex = 1; lastKnownFileType = text.xcconfig; name = "Pods-SwiftUICleanArchitecture.debug.xcconfig"; path = "Target Support Files/Pods-SwiftUICleanArchitecture/Pods-SwiftUICleanArchitecture.debug.xcconfig"; sourceTree = "<group>"; };
		CA2E3AD52BB401560088BC07 /* SwiftUICleanArchitecture.app */ = {isa = PBXFileReference; explicitFileType = wrapper.application; includeInIndex = 0; path = SwiftUICleanArchitecture.app; sourceTree = BUILT_PRODUCTS_DIR; };
		CA2E3ADA2BB401560088BC07 /* ContentView.swift */ = {isa = PBXFileReference; lastKnownFileType = sourcecode.swift; path = ContentView.swift; sourceTree = "<group>"; };
		CA2E3ADC2BB401570088BC07 /* Assets.xcassets */ = {isa = PBXFileReference; lastKnownFileType = folder.assetcatalog; path = Assets.xcassets; sourceTree = "<group>"; };
		CA2E3ADF2BB401570088BC07 /* Preview Assets.xcassets */ = {isa = PBXFileReference; lastKnownFileType = folder.assetcatalog; path = "Preview Assets.xcassets"; sourceTree = "<group>"; };
		CA96B4C72BB514A9003BD05A /* AppDelegate.swift */ = {isa = PBXFileReference; lastKnownFileType = sourcecode.swift; path = AppDelegate.swift; sourceTree = "<group>"; };
		CA96B4C92BB514C2003BD05A /* SystemEventsHandler.swift */ = {isa = PBXFileReference; lastKnownFileType = sourcecode.swift; path = SystemEventsHandler.swift; sourceTree = "<group>"; };
		CA96B4CB2BB514F1003BD05A /* DependencyInjector.swift */ = {isa = PBXFileReference; lastKnownFileType = sourcecode.swift; path = DependencyInjector.swift; sourceTree = "<group>"; };
		CA96B4CE2BB5151F003BD05A /* Store.swift */ = {isa = PBXFileReference; lastKnownFileType = sourcecode.swift; path = Store.swift; sourceTree = "<group>"; };
		CA96B4D02BB51572003BD05A /* AppState.swift */ = {isa = PBXFileReference; lastKnownFileType = sourcecode.swift; path = AppState.swift; sourceTree = "<group>"; };
		CA96B4D32BB515EA003BD05A /* PushNotificationsHandler.swift */ = {isa = PBXFileReference; lastKnownFileType = sourcecode.swift; path = PushNotificationsHandler.swift; sourceTree = "<group>"; };
		CA96B4D52BB51609003BD05A /* DeepLinksHandler.swift */ = {isa = PBXFileReference; lastKnownFileType = sourcecode.swift; path = DeepLinksHandler.swift; sourceTree = "<group>"; };
		CA96B4D72BB517B1003BD05A /* UserPermissionsInteractor.swift */ = {isa = PBXFileReference; lastKnownFileType = sourcecode.swift; path = UserPermissionsInteractor.swift; sourceTree = "<group>"; };
		CA96B4D92BB517ED003BD05A /* SceneDelegate.swift */ = {isa = PBXFileReference; lastKnownFileType = sourcecode.swift; path = SceneDelegate.swift; sourceTree = "<group>"; };
		CA96B4DB2BB51813003BD05A /* AppEnvironment.swift */ = {isa = PBXFileReference; lastKnownFileType = sourcecode.swift; path = AppEnvironment.swift; sourceTree = "<group>"; };
		CA96B4DD2BB51988003BD05A /* RootViewAppearance.swift */ = {isa = PBXFileReference; lastKnownFileType = sourcecode.swift; path = RootViewAppearance.swift; sourceTree = "<group>"; };
		CA96B4DF2BB519B1003BD05A /* Helpers.swift */ = {isa = PBXFileReference; lastKnownFileType = sourcecode.swift; path = Helpers.swift; sourceTree = "<group>"; };
		CA96B4E12BB51C16003BD05A /* InteractorsContainer.swift */ = {isa = PBXFileReference; lastKnownFileType = sourcecode.swift; path = InteractorsContainer.swift; sourceTree = "<group>"; };
		CA96B4E32BB51C77003BD05A /* ImagesInteractor.swift */ = {isa = PBXFileReference; lastKnownFileType = sourcecode.swift; path = ImagesInteractor.swift; sourceTree = "<group>"; };
		CA96B4E52BB51D55003BD05A /* ImageWebRepository.swift */ = {isa = PBXFileReference; lastKnownFileType = sourcecode.swift; path = ImageWebRepository.swift; sourceTree = "<group>"; };
		CA96B4E72BB51D73003BD05A /* PushTokenWebRepository.swift */ = {isa = PBXFileReference; lastKnownFileType = sourcecode.swift; path = PushTokenWebRepository.swift; sourceTree = "<group>"; };
		CA96B4E92BB521AE003BD05A /* CancelBag.swift */ = {isa = PBXFileReference; lastKnownFileType = sourcecode.swift; path = CancelBag.swift; sourceTree = "<group>"; };
		CA96B4EB2BB521DD003BD05A /* NetworkingHelpers.swift */ = {isa = PBXFileReference; lastKnownFileType = sourcecode.swift; path = NetworkingHelpers.swift; sourceTree = "<group>"; };
		CA96B4EE2BB52473003BD05A /* LaunchScreen.storyboard */ = {isa = PBXFileReference; lastKnownFileType = file.storyboard; path = LaunchScreen.storyboard; sourceTree = "<group>"; };
		CA96B4F02BB524DE003BD05A /* WebRepository.swift */ = {isa = PBXFileReference; lastKnownFileType = sourcecode.swift; path = WebRepository.swift; sourceTree = "<group>"; };
		CA96B4F22BB52518003BD05A /* APICall.swift */ = {isa = PBXFileReference; lastKnownFileType = sourcecode.swift; path = APICall.swift; sourceTree = "<group>"; };
		CA96B4F42BB52551003BD05A /* Loadable.swift */ = {isa = PBXFileReference; lastKnownFileType = sourcecode.swift; path = Loadable.swift; sourceTree = "<group>"; };
		CA96B4F62BB52595003BD05A /* info.plist */ = {isa = PBXFileReference; lastKnownFileType = text.plist.xml; path = info.plist; sourceTree = "<group>"; };
/* End PBXFileReference section */

/* Begin PBXFrameworksBuildPhase section */
		CA2E3AD22BB401560088BC07 /* Frameworks */ = {
			isa = PBXFrameworksBuildPhase;
			buildActionMask = 2147483647;
			files = (
				F5CCF5E4D216081111C522B5 /* Pods_SwiftUICleanArchitecture.framework in Frameworks */,
			);
			runOnlyForDeploymentPostprocessing = 0;
		};
/* End PBXFrameworksBuildPhase section */

/* Begin PBXGroup section */
		3381C13387710FC13F60AC39 /* Pods */ = {
			isa = PBXGroup;
			children = (
				1BDAA356D9080612A062EA9E /* Pods-SwiftUICleanArchitecture.debug.xcconfig */,
				1310D8EF25E6C4EAB4E4F243 /* Pods-SwiftUICleanArchitecture.release.xcconfig */,
			);
			path = Pods;
			sourceTree = "<group>";
		};
		CA2E3ACC2BB401560088BC07 = {
			isa = PBXGroup;
			children = (
				CA2E3AD72BB401560088BC07 /* SwiftUICleanArchitecture */,
				CA2E3AD62BB401560088BC07 /* Products */,
				3381C13387710FC13F60AC39 /* Pods */,
				FA6D4BEC3CFD572A16DA4443 /* Frameworks */,
			);
			sourceTree = "<group>";
		};
		CA2E3AD62BB401560088BC07 /* Products */ = {
			isa = PBXGroup;
			children = (
				CA2E3AD52BB401560088BC07 /* SwiftUICleanArchitecture.app */,
			);
			name = Products;
			sourceTree = "<group>";
		};
		CA2E3AD72BB401560088BC07 /* SwiftUICleanArchitecture */ = {
			isa = PBXGroup;
			children = (
				CA96B4C42BB50566003BD05A /* Application */,
				CA96B4BC2BB5042D003BD05A /* Utilities */,
				CA96B4C62BB50B74003BD05A /* Data */,
				CA96B4C32BB5054C003BD05A /* Domain */,
				CA96B4BF2BB504B5003BD05A /* Infrastructure */,
				CA96B4BE2BB5044E003BD05A /* Presentation */,
				CA96B4C52BB505A5003BD05A /* Resources */,
			);
			path = SwiftUICleanArchitecture;
			sourceTree = "<group>";
		};
		CA96B4BB2BB503A4003BD05A /* System */ = {
			isa = PBXGroup;
			children = (
				CA96B4C72BB514A9003BD05A /* AppDelegate.swift */,
				CA96B4D92BB517ED003BD05A /* SceneDelegate.swift */,
				CA96B4DB2BB51813003BD05A /* AppEnvironment.swift */,
				CA96B4D52BB51609003BD05A /* DeepLinksHandler.swift */,
				CA96B4D32BB515EA003BD05A /* PushNotificationsHandler.swift */,
				CA96B4C92BB514C2003BD05A /* SystemEventsHandler.swift */,
			);
			path = System;
			sourceTree = "<group>";
		};
		CA96B4BC2BB5042D003BD05A /* Utilities */ = {
			isa = PBXGroup;
			children = (
				CA96B4ED2BB522B2003BD05A /* CombineUtils */,
				CA96B4CD2BB51514003BD05A /* Interactors */,
				CA96B4F02BB524DE003BD05A /* WebRepository.swift */,
				CA96B4F22BB52518003BD05A /* APICall.swift */,
				CA96B4F42BB52551003BD05A /* Loadable.swift */,
			);
			path = Utilities;
			sourceTree = "<group>";
		};
		CA96B4BD2BB5043D003BD05A /* Injected */ = {
			isa = PBXGroup;
			children = (
				CA96B4D02BB51572003BD05A /* AppState.swift */,
				CA96B4E12BB51C16003BD05A /* InteractorsContainer.swift */,
				CA96B4CB2BB514F1003BD05A /* DependencyInjector.swift */,
			);
			path = Injected;
			sourceTree = "<group>";
		};
		CA96B4BE2BB5044E003BD05A /* Presentation */ = {
			isa = PBXGroup;
			children = (
				CA96B4DD2BB51988003BD05A /* RootViewAppearance.swift */,
				CA96B4C12BB5050B003BD05A /* Screens */,
				CA96B4C02BB504F9003BD05A /* Components */,
			);
			path = Presentation;
			sourceTree = "<group>";
		};
		CA96B4BF2BB504B5003BD05A /* Infrastructure */ = {
			isa = PBXGroup;
			children = (
			);
			path = Infrastructure;
			sourceTree = "<group>";
		};
		CA96B4C02BB504F9003BD05A /* Components */ = {
			isa = PBXGroup;
			children = (
			);
			path = Components;
			sourceTree = "<group>";
		};
		CA96B4C12BB5050B003BD05A /* Screens */ = {
			isa = PBXGroup;
			children = (
				CA2E3ADA2BB401560088BC07 /* ContentView.swift */,
			);
			path = Screens;
			sourceTree = "<group>";
		};
		CA96B4C32BB5054C003BD05A /* Domain */ = {
			isa = PBXGroup;
			children = (
				CA96B4E52BB51D55003BD05A /* ImageWebRepository.swift */,
				CA96B4E72BB51D73003BD05A /* PushTokenWebRepository.swift */,
			);
			path = Domain;
			sourceTree = "<group>";
		};
		CA96B4C42BB50566003BD05A /* Application */ = {
			isa = PBXGroup;
			children = (
				CA96B4BB2BB503A4003BD05A /* System */,
				CA96B4BD2BB5043D003BD05A /* Injected */,
			);
			path = Application;
			sourceTree = "<group>";
		};
		CA96B4C52BB505A5003BD05A /* Resources */ = {
			isa = PBXGroup;
			children = (
				CA2E3ADC2BB401570088BC07 /* Assets.xcassets */,
				CA2E3ADF2BB401570088BC07 /* Preview Assets.xcassets */,
				CA96B4EE2BB52473003BD05A /* LaunchScreen.storyboard */,
				CA96B4F62BB52595003BD05A /* info.plist */,
			);
			path = Resources;
			sourceTree = "<group>";
		};
		CA96B4C62BB50B74003BD05A /* Data */ = {
			isa = PBXGroup;
			children = (
			);
			path = Data;
			sourceTree = "<group>";
		};
		CA96B4CD2BB51514003BD05A /* Interactors */ = {
			isa = PBXGroup;
			children = (
				CA96B4D72BB517B1003BD05A /* UserPermissionsInteractor.swift */,
				CA96B4E32BB51C77003BD05A /* ImagesInteractor.swift */,
				CA96B4EB2BB521DD003BD05A /* NetworkingHelpers.swift */,
			);
			path = Interactors;
			sourceTree = "<group>";
		};
		CA96B4ED2BB522B2003BD05A /* CombineUtils */ = {
			isa = PBXGroup;
			children = (
				CA96B4CE2BB5151F003BD05A /* Store.swift */,
				CA96B4E92BB521AE003BD05A /* CancelBag.swift */,
				CA96B4DF2BB519B1003BD05A /* Helpers.swift */,
			);
			path = CombineUtils;
			sourceTree = "<group>";
		};
		FA6D4BEC3CFD572A16DA4443 /* Frameworks */ = {
			isa = PBXGroup;
			children = (
				0965D886F6D602436ED56C53 /* Pods_SwiftUICleanArchitecture.framework */,
			);
			name = Frameworks;
			sourceTree = "<group>";
		};
/* End PBXGroup section */

/* Begin PBXNativeTarget section */
		CA2E3AD42BB401560088BC07 /* SwiftUICleanArchitecture */ = {
			isa = PBXNativeTarget;
			buildConfigurationList = CA2E3AE32BB401570088BC07 /* Build configuration list for PBXNativeTarget "SwiftUICleanArchitecture" */;
			buildPhases = (
				A6141CD68DBF8372DEE7B4D6 /* [CP] Check Pods Manifest.lock */,
				CA2E3AD12BB401560088BC07 /* Sources */,
				CA2E3AD22BB401560088BC07 /* Frameworks */,
				CA2E3AD32BB401560088BC07 /* Resources */,
			);
			buildRules = (
			);
			dependencies = (
			);
			name = SwiftUICleanArchitecture;
			productName = SwiftUICleanArchitecture;
			productReference = CA2E3AD52BB401560088BC07 /* SwiftUICleanArchitecture.app */;
			productType = "com.apple.product-type.application";
		};
/* End PBXNativeTarget section */

/* Begin PBXProject section */
		CA2E3ACD2BB401560088BC07 /* Project object */ = {
			isa = PBXProject;
			attributes = {
				BuildIndependentTargetsInParallel = 1;
				LastSwiftUpdateCheck = 1530;
				LastUpgradeCheck = 1530;
				TargetAttributes = {
					CA2E3AD42BB401560088BC07 = {
						CreatedOnToolsVersion = 15.3;
					};
				};
			};
			buildConfigurationList = CA2E3AD02BB401560088BC07 /* Build configuration list for PBXProject "SwiftUICleanArchitecture" */;
			compatibilityVersion = "Xcode 14.0";
			developmentRegion = en;
			hasScannedForEncodings = 0;
			knownRegions = (
				en,
				Base,
			);
			mainGroup = CA2E3ACC2BB401560088BC07;
			productRefGroup = CA2E3AD62BB401560088BC07 /* Products */;
			projectDirPath = "";
			projectRoot = "";
			targets = (
				CA2E3AD42BB401560088BC07 /* SwiftUICleanArchitecture */,
			);
		};
/* End PBXProject section */

/* Begin PBXResourcesBuildPhase section */
		CA2E3AD32BB401560088BC07 /* Resources */ = {
			isa = PBXResourcesBuildPhase;
			buildActionMask = 2147483647;
			files = (
				CA96B4F72BB52595003BD05A /* info.plist in Resources */,
				CA96B4EF2BB52473003BD05A /* LaunchScreen.storyboard in Resources */,
				CA2E3AE02BB401570088BC07 /* Preview Assets.xcassets in Resources */,
				CA2E3ADD2BB401570088BC07 /* Assets.xcassets in Resources */,
			);
			runOnlyForDeploymentPostprocessing = 0;
		};
/* End PBXResourcesBuildPhase section */

/* Begin PBXShellScriptBuildPhase section */
		A6141CD68DBF8372DEE7B4D6 /* [CP] Check Pods Manifest.lock */ = {
			isa = PBXShellScriptBuildPhase;
			buildActionMask = 2147483647;
			files = (
			);
			inputFileListPaths = (
			);
			inputPaths = (
				"${PODS_PODFILE_DIR_PATH}/Podfile.lock",
				"${PODS_ROOT}/Manifest.lock",
			);
			name = "[CP] Check Pods Manifest.lock";
			outputFileListPaths = (
			);
			outputPaths = (
				"$(DERIVED_FILE_DIR)/Pods-SwiftUICleanArchitecture-checkManifestLockResult.txt",
			);
			runOnlyForDeploymentPostprocessing = 0;
			shellPath = /bin/sh;
			shellScript = "diff \"${PODS_PODFILE_DIR_PATH}/Podfile.lock\" \"${PODS_ROOT}/Manifest.lock\" > /dev/null\nif [ $? != 0 ] ; then\n    # print error to STDERR\n    echo \"error: The sandbox is not in sync with the Podfile.lock. Run 'pod install' or update your CocoaPods installation.\" >&2\n    exit 1\nfi\n# This output is used by Xcode 'outputs' to avoid re-running this script phase.\necho \"SUCCESS\" > \"${SCRIPT_OUTPUT_FILE_0}\"\n";
			showEnvVarsInLog = 0;
		};
/* End PBXShellScriptBuildPhase section */

/* Begin PBXSourcesBuildPhase section */
		CA2E3AD12BB401560088BC07 /* Sources */ = {
			isa = PBXSourcesBuildPhase;
			buildActionMask = 2147483647;
			files = (
				CA96B4E82BB51D73003BD05A /* PushTokenWebRepository.swift in Sources */,
				CA96B4CA2BB514C2003BD05A /* SystemEventsHandler.swift in Sources */,
				CA96B4E02BB519B1003BD05A /* Helpers.swift in Sources */,
				CA96B4E42BB51C77003BD05A /* ImagesInteractor.swift in Sources */,
				CA96B4D62BB51609003BD05A /* DeepLinksHandler.swift in Sources */,
				CA96B4F32BB52518003BD05A /* APICall.swift in Sources */,
				CA96B4DE2BB51988003BD05A /* RootViewAppearance.swift in Sources */,
				CA96B4EA2BB521AE003BD05A /* CancelBag.swift in Sources */,
				CA96B4E62BB51D55003BD05A /* ImageWebRepository.swift in Sources */,
				CA96B4D42BB515EA003BD05A /* PushNotificationsHandler.swift in Sources */,
				CA96B4CC2BB514F1003BD05A /* DependencyInjector.swift in Sources */,
				CA96B4E22BB51C16003BD05A /* InteractorsContainer.swift in Sources */,
				CA96B4D82BB517B1003BD05A /* UserPermissionsInteractor.swift in Sources */,
				CA96B4DC2BB51813003BD05A /* AppEnvironment.swift in Sources */,
				CA96B4EC2BB521DD003BD05A /* NetworkingHelpers.swift in Sources */,
				CA96B4D12BB51572003BD05A /* AppState.swift in Sources */,
				CA96B4C82BB514A9003BD05A /* AppDelegate.swift in Sources */,
				CA96B4F12BB524DE003BD05A /* WebRepository.swift in Sources */,
				CA96B4DA2BB517EE003BD05A /* SceneDelegate.swift in Sources */,
				CA96B4F52BB52551003BD05A /* Loadable.swift in Sources */,
				CA96B4CF2BB5151F003BD05A /* Store.swift in Sources */,
				CA2E3ADB2BB401560088BC07 /* ContentView.swift in Sources */,
			);
			runOnlyForDeploymentPostprocessing = 0;
		};
/* End PBXSourcesBuildPhase section */

/* Begin XCBuildConfiguration section */
		CA2E3AE12BB401570088BC07 /* Debug */ = {
			isa = XCBuildConfiguration;
			buildSettings = {
				ALWAYS_SEARCH_USER_PATHS = NO;
				ASSETCATALOG_COMPILER_GENERATE_SWIFT_ASSET_SYMBOL_EXTENSIONS = YES;
				CLANG_ANALYZER_NONNULL = YES;
				CLANG_ANALYZER_NUMBER_OBJECT_CONVERSION = YES_AGGRESSIVE;
				CLANG_CXX_LANGUAGE_STANDARD = "gnu++20";
				CLANG_ENABLE_MODULES = YES;
				CLANG_ENABLE_OBJC_ARC = YES;
				CLANG_ENABLE_OBJC_WEAK = YES;
				CLANG_WARN_BLOCK_CAPTURE_AUTORELEASING = YES;
				CLANG_WARN_BOOL_CONVERSION = YES;
				CLANG_WARN_COMMA = YES;
				CLANG_WARN_CONSTANT_CONVERSION = YES;
				CLANG_WARN_DEPRECATED_OBJC_IMPLEMENTATIONS = YES;
				CLANG_WARN_DIRECT_OBJC_ISA_USAGE = YES_ERROR;
				CLANG_WARN_DOCUMENTATION_COMMENTS = YES;
				CLANG_WARN_EMPTY_BODY = YES;
				CLANG_WARN_ENUM_CONVERSION = YES;
				CLANG_WARN_INFINITE_RECURSION = YES;
				CLANG_WARN_INT_CONVERSION = YES;
				CLANG_WARN_NON_LITERAL_NULL_CONVERSION = YES;
				CLANG_WARN_OBJC_IMPLICIT_RETAIN_SELF = YES;
				CLANG_WARN_OBJC_LITERAL_CONVERSION = YES;
				CLANG_WARN_OBJC_ROOT_CLASS = YES_ERROR;
				CLANG_WARN_QUOTED_INCLUDE_IN_FRAMEWORK_HEADER = YES;
				CLANG_WARN_RANGE_LOOP_ANALYSIS = YES;
				CLANG_WARN_STRICT_PROTOTYPES = YES;
				CLANG_WARN_SUSPICIOUS_MOVE = YES;
				CLANG_WARN_UNGUARDED_AVAILABILITY = YES_AGGRESSIVE;
				CLANG_WARN_UNREACHABLE_CODE = YES;
				CLANG_WARN__DUPLICATE_METHOD_MATCH = YES;
				COPY_PHASE_STRIP = NO;
				DEBUG_INFORMATION_FORMAT = dwarf;
				ENABLE_STRICT_OBJC_MSGSEND = YES;
				ENABLE_TESTABILITY = YES;
				ENABLE_USER_SCRIPT_SANDBOXING = YES;
				GCC_C_LANGUAGE_STANDARD = gnu17;
				GCC_DYNAMIC_NO_PIC = NO;
				GCC_NO_COMMON_BLOCKS = YES;
				GCC_OPTIMIZATION_LEVEL = 0;
				GCC_PREPROCESSOR_DEFINITIONS = (
					"DEBUG=1",
					"$(inherited)",
				);
				GCC_WARN_64_TO_32_BIT_CONVERSION = YES;
				GCC_WARN_ABOUT_RETURN_TYPE = YES_ERROR;
				GCC_WARN_UNDECLARED_SELECTOR = YES;
				GCC_WARN_UNINITIALIZED_AUTOS = YES_AGGRESSIVE;
				GCC_WARN_UNUSED_FUNCTION = YES;
				GCC_WARN_UNUSED_VARIABLE = YES;
				IPHONEOS_DEPLOYMENT_TARGET = 17.4;
				LOCALIZATION_PREFERS_STRING_CATALOGS = YES;
				MTL_ENABLE_DEBUG_INFO = INCLUDE_SOURCE;
				MTL_FAST_MATH = YES;
				ONLY_ACTIVE_ARCH = YES;
				SDKROOT = iphoneos;
				SWIFT_ACTIVE_COMPILATION_CONDITIONS = "DEBUG $(inherited)";
				SWIFT_OPTIMIZATION_LEVEL = "-Onone";
			};
			name = Debug;
		};
		CA2E3AE22BB401570088BC07 /* Release */ = {
			isa = XCBuildConfiguration;
			buildSettings = {
				ALWAYS_SEARCH_USER_PATHS = NO;
				ASSETCATALOG_COMPILER_GENERATE_SWIFT_ASSET_SYMBOL_EXTENSIONS = YES;
				CLANG_ANALYZER_NONNULL = YES;
				CLANG_ANALYZER_NUMBER_OBJECT_CONVERSION = YES_AGGRESSIVE;
				CLANG_CXX_LANGUAGE_STANDARD = "gnu++20";
				CLANG_ENABLE_MODULES = YES;
				CLANG_ENABLE_OBJC_ARC = YES;
				CLANG_ENABLE_OBJC_WEAK = YES;
				CLANG_WARN_BLOCK_CAPTURE_AUTORELEASING = YES;
				CLANG_WARN_BOOL_CONVERSION = YES;
				CLANG_WARN_COMMA = YES;
				CLANG_WARN_CONSTANT_CONVERSION = YES;
				CLANG_WARN_DEPRECATED_OBJC_IMPLEMENTATIONS = YES;
				CLANG_WARN_DIRECT_OBJC_ISA_USAGE = YES_ERROR;
				CLANG_WARN_DOCUMENTATION_COMMENTS = YES;
				CLANG_WARN_EMPTY_BODY = YES;
				CLANG_WARN_ENUM_CONVERSION = YES;
				CLANG_WARN_INFINITE_RECURSION = YES;
				CLANG_WARN_INT_CONVERSION = YES;
				CLANG_WARN_NON_LITERAL_NULL_CONVERSION = YES;
				CLANG_WARN_OBJC_IMPLICIT_RETAIN_SELF = YES;
				CLANG_WARN_OBJC_LITERAL_CONVERSION = YES;
				CLANG_WARN_OBJC_ROOT_CLASS = YES_ERROR;
				CLANG_WARN_QUOTED_INCLUDE_IN_FRAMEWORK_HEADER = YES;
				CLANG_WARN_RANGE_LOOP_ANALYSIS = YES;
				CLANG_WARN_STRICT_PROTOTYPES = YES;
				CLANG_WARN_SUSPICIOUS_MOVE = YES;
				CLANG_WARN_UNGUARDED_AVAILABILITY = YES_AGGRESSIVE;
				CLANG_WARN_UNREACHABLE_CODE = YES;
				CLANG_WARN__DUPLICATE_METHOD_MATCH = YES;
				COPY_PHASE_STRIP = NO;
				DEBUG_INFORMATION_FORMAT = "dwarf-with-dsym";
				ENABLE_NS_ASSERTIONS = NO;
				ENABLE_STRICT_OBJC_MSGSEND = YES;
				ENABLE_USER_SCRIPT_SANDBOXING = YES;
				GCC_C_LANGUAGE_STANDARD = gnu17;
				GCC_NO_COMMON_BLOCKS = YES;
				GCC_WARN_64_TO_32_BIT_CONVERSION = YES;
				GCC_WARN_ABOUT_RETURN_TYPE = YES_ERROR;
				GCC_WARN_UNDECLARED_SELECTOR = YES;
				GCC_WARN_UNINITIALIZED_AUTOS = YES_AGGRESSIVE;
				GCC_WARN_UNUSED_FUNCTION = YES;
				GCC_WARN_UNUSED_VARIABLE = YES;
				IPHONEOS_DEPLOYMENT_TARGET = 17.4;
				LOCALIZATION_PREFERS_STRING_CATALOGS = YES;
				MTL_ENABLE_DEBUG_INFO = NO;
				MTL_FAST_MATH = YES;
				SDKROOT = iphoneos;
				SWIFT_COMPILATION_MODE = wholemodule;
				VALIDATE_PRODUCT = YES;
			};
			name = Release;
		};
		CA2E3AE42BB401570088BC07 /* Debug */ = {
			isa = XCBuildConfiguration;
			baseConfigurationReference = 1BDAA356D9080612A062EA9E /* Pods-SwiftUICleanArchitecture.debug.xcconfig */;
			buildSettings = {
				ASSETCATALOG_COMPILER_APPICON_NAME = AppIcon;
				ASSETCATALOG_COMPILER_GLOBAL_ACCENT_COLOR_NAME = AccentColor;
				CODE_SIGN_STYLE = Automatic;
				CURRENT_PROJECT_VERSION = 1;
				DEVELOPMENT_ASSET_PATHS = "\"SwiftUICleanArchitecture/Resources\"";
				ENABLE_PREVIEWS = YES;
				GENERATE_INFOPLIST_FILE = NO;
				INFOPLIST_FILE = "$(TARGET_NAME)/Resources/Info.plist";
				INFOPLIST_KEY_UIApplicationSceneManifest_Generation = YES;
				INFOPLIST_KEY_UIApplicationSupportsIndirectInputEvents = YES;
				INFOPLIST_KEY_UILaunchScreen_Generation = YES;
				INFOPLIST_KEY_UISupportedInterfaceOrientations_iPad = "UIInterfaceOrientationPortrait UIInterfaceOrientationPortraitUpsideDown UIInterfaceOrientationLandscapeLeft UIInterfaceOrientationLandscapeRight";
				INFOPLIST_KEY_UISupportedInterfaceOrientations_iPhone = "UIInterfaceOrientationPortrait UIInterfaceOrientationLandscapeLeft UIInterfaceOrientationLandscapeRight";
				IPHONEOS_DEPLOYMENT_TARGET = 15.0;
				LD_RUNPATH_SEARCH_PATHS = (
					"$(inherited)",
					"@executable_path/Frameworks",
				);
				MARKETING_VERSION = 1.0;
				PRODUCT_BUNDLE_IDENTIFIER = com.study.SwiftUICleanArchitecture;
				PRODUCT_NAME = "$(TARGET_NAME)";
				SUPPORTED_PLATFORMS = "iphoneos iphonesimulator";
				SUPPORTS_MACCATALYST = NO;
				SUPPORTS_XR_DESIGNED_FOR_IPHONE_IPAD = NO;
				SWIFT_EMIT_LOC_STRINGS = YES;
				SWIFT_VERSION = 5.0;
				TARGETED_DEVICE_FAMILY = "1,2";
			};
			name = Debug;
		};
		CA2E3AE52BB401570088BC07 /* Release */ = {
			isa = XCBuildConfiguration;
			baseConfigurationReference = 1310D8EF25E6C4EAB4E4F243 /* Pods-SwiftUICleanArchitecture.release.xcconfig */;
			buildSettings = {
				ASSETCATALOG_COMPILER_APPICON_NAME = AppIcon;
				ASSETCATALOG_COMPILER_GLOBAL_ACCENT_COLOR_NAME = AccentColor;
				CODE_SIGN_STYLE = Automatic;
				CURRENT_PROJECT_VERSION = 1;
				DEVELOPMENT_ASSET_PATHS = "\"SwiftUICleanArchitecture/Resources\"";
				ENABLE_PREVIEWS = YES;
				GENERATE_INFOPLIST_FILE = NO;
				INFOPLIST_FILE = "$(TARGET_NAME)/Resources/Info.plist";
				INFOPLIST_KEY_UIApplicationSceneManifest_Generation = YES;
				INFOPLIST_KEY_UIApplicationSupportsIndirectInputEvents = YES;
				INFOPLIST_KEY_UILaunchScreen_Generation = YES;
				INFOPLIST_KEY_UISupportedInterfaceOrientations_iPad = "UIInterfaceOrientationPortrait UIInterfaceOrientationPortraitUpsideDown UIInterfaceOrientationLandscapeLeft UIInterfaceOrientationLandscapeRight";
				INFOPLIST_KEY_UISupportedInterfaceOrientations_iPhone = "UIInterfaceOrientationPortrait UIInterfaceOrientationLandscapeLeft UIInterfaceOrientationLandscapeRight";
				IPHONEOS_DEPLOYMENT_TARGET = 15.0;
				LD_RUNPATH_SEARCH_PATHS = (
					"$(inherited)",
					"@executable_path/Frameworks",
				);
				MARKETING_VERSION = 1.0;
				PRODUCT_BUNDLE_IDENTIFIER = com.study.SwiftUICleanArchitecture;
				PRODUCT_NAME = "$(TARGET_NAME)";
				SUPPORTED_PLATFORMS = "iphoneos iphonesimulator";
				SUPPORTS_MACCATALYST = NO;
				SUPPORTS_XR_DESIGNED_FOR_IPHONE_IPAD = NO;
				SWIFT_EMIT_LOC_STRINGS = YES;
				SWIFT_VERSION = 5.0;
				TARGETED_DEVICE_FAMILY = "1,2";
			};
			name = Release;
		};
/* End XCBuildConfiguration section */

/* Begin XCConfigurationList section */
		CA2E3AD02BB401560088BC07 /* Build configuration list for PBXProject "SwiftUICleanArchitecture" */ = {
			isa = XCConfigurationList;
			buildConfigurations = (
				CA2E3AE12BB401570088BC07 /* Debug */,
				CA2E3AE22BB401570088BC07 /* Release */,
			);
			defaultConfigurationIsVisible = 0;
			defaultConfigurationName = Release;
		};
		CA2E3AE32BB401570088BC07 /* Build configuration list for PBXNativeTarget "SwiftUICleanArchitecture" */ = {
			isa = XCConfigurationList;
			buildConfigurations = (
				CA2E3AE42BB401570088BC07 /* Debug */,
				CA2E3AE52BB401570088BC07 /* Release */,
			);
			defaultConfigurationIsVisible = 0;
			defaultConfigurationName = Release;
		};
/* End XCConfigurationList section */
	};
	rootObject = CA2E3ACD2BB401560088BC07 /* Project object */;
}
